
Microsoft Visual Studio Solution File, Format Version 12.00
# Visual Studio Version 17
VisualStudioVersion = 17.5.002.0
MinimumVisualStudioVersion = 10.0.40219.1
Project("{9A19103F-16F7-4668-BE54-9A1E7A4F7556}") = "MangaVerse", "MangaVerse.csproj", "{59D51E77-8074-40A3-BD6A-C6CA22A305E3}"
EndProject
Global
	GlobalSection(SolutionConfigurationPlatforms) = preSolution
		Debug|Any CPU = Debug|Any CPU
		Release|Any CPU = Release|Any CPU
	EndGlobalSection
	GlobalSection(ProjectConfigurationPlatforms) = postSolution
		{59D51E77-8074-40A3-BD6A-C6CA22A305E3}.Debug|Any CPU.ActiveCfg = Debug|Any CPU
		{59D51E77-8074-40A3-BD6A-C6CA22A305E3}.Debug|Any CPU.Build.0 = Debug|Any CPU
		{59D51E77-8074-40A3-BD6A-C6CA22A305E3}.Release|Any CPU.ActiveCfg = Release|Any CPU
		{59D51E77-8074-40A3-BD6A-C6CA22A305E3}.Release|Any CPU.Build.0 = Release|Any CPU
	EndGlobalSection
	GlobalSection(SolutionProperties) = preSolution
		HideSolutionNode = FALSE
	EndGlobalSection
	GlobalSection(ExtensibilityGlobals) = postSolution
		SolutionGuid = {D7490168-B650-4E27-8985-ADA5E6D95F1C}
	EndGlobalSection
EndGlobal
